# This file is autogenerated, do not edit; changes may be undone by the next 'dep ensure'.


[[projects]]
  digest = "1:07f7314344b2771963ada0b2a4a426c59d782dac227dcfff2499188a186446c0"
  name = "github.com/GeertJohan/go.rice"
  packages = [
    ".",
    "embedded",
  ]
  pruneopts = "UT"
  revision = "cd53cd147dd5288bc2fb990fb983e58e301abb5e"
  version = "v1.0.0"

[[projects]]
  digest = "1:f69f3dd5ddb194ab787d0fd8e3ac382576d4f80c36584b70713656d5c72fca70"
  name = "github.com/bmatcuk/doublestar"
  packages = ["."]
  pruneopts = "UT"
  revision = "2437321e1473408f122a95f65df3d8841fec4fba"
  version = "v1.1.5"

[[projects]]
  digest = "1:8e8da6cc8cca12851d4e089d970a0f7387b3a6bcc8c459ff432213b03076a66d"
  name = "github.com/daaku/go.zipexe"
  packages = ["."]
  pruneopts = "UT"
  revision = "74d766ac1dde7458348221869a7d1e7e5fa0597e"
  version = "v1.0.1"

[[projects]]
  digest = "1:5f7414cf41466d4b4dd7ec52b2cd3e481e08cfd11e7e24fef730c0e483e88bb1"
  name = "github.com/etcd-io/bbolt"
  packages = ["."]
  pruneopts = "UT"
  revision = "63597a96ec0ad9e6d43c3fc81e809909e0237461"
  version = "v1.3.2"

[[projects]]
  digest = "1:c3957c9c9dc7beb125fdc93c920957d0305fe66dc48712a600f8790ce9354254"
  name = "github.com/go-cmd/cmd"
  packages = ["."]
  pruneopts = "UT"
  revision = "db1a8287640cedff487674c2f4439805b58f42aa"
  version = "v1.0.4"

[[projects]]
  digest = "1:bed9d72d596f94e65fff37f4d6c01398074a6bb1c3f3ceff963516bd01db6ff5"
  name = "github.com/gofrs/uuid"
  packages = ["."]
  pruneopts = "UT"
  revision = "6b08a5c5172ba18946672b49749cde22873dd7c2"
  version = "v3.2.0"

[[projects]]
  digest = "1:7b5c6e2eeaa9ae5907c391a91c132abfd5c9e8a784a341b5625e750c67e6825d"
  name = "github.com/gorilla/websocket"
  packages = ["."]
  pruneopts = "UT"
  revision = "66b9c49e59c6c48f0ffce28c2d8b8a5678502c6d"
  version = "v1.4.0"

[[projects]]
  digest = "1:f97285a3b0a496dcf8801072622230d513f69175665d94de60eb042d03387f6c"
  name = "github.com/julienschmidt/httprouter"
  packages = ["."]
  pruneopts = "UT"
  revision = "348b672cd90d8190f8240323e372ecd1e66b59dc"
  version = "v1.2.0"

[[projects]]
  digest = "1:b778880d47d8544b11cd82b0d9731f9669d653489b400d0b5899b8a20934e7b4"
  name = "github.com/robfig/cron"
  packages = ["."]
  pruneopts = "UT"
  revision = "45fbe1491cdd47d74d1bf1396286d67faee8b8b5"
  version = "v3.0.0"

[[projects]]
  branch = "master"
  digest = "1:86a2feed7a6be48a559a2c869a7073922997e185f8b6ea260ce9037bd0b3ba12"
  name = "golang.org/x/crypto"
  packages = [
    "acme",
    "acme/autocert",
    "bcrypt",
    "blowfish",
  ]
  pruneopts = "UT"
  revision = "4def268fd1a49955bfb3dda92fe3db4f924f2285"

[[projects]]
  branch = "master"
  digest = "1:15a159ca3e34c429f800dd822cbb37707e98552c9523b8d07fdd244dba62f04b"
  name = "golang.org/x/net"
  packages = ["idna"]
  pruneopts = "UT"
  revision = "da137c7871d730100384dbcf36e6f8fa493aef5b"

[[projects]]
  branch = "master"
  digest = "1:6ed9319f79a63e30779042ef237f81770df4091866e43f84a643257384b0aefc"
  name = "golang.org/x/sys"
  packages = ["unix"]
  pruneopts = "UT"
  revision = "ad400b1274690a55531a013560dc08706088f82b"

[[projects]]
  digest = "1:8d8faad6b12a3a4c819a3f9618cb6ee1fa1cfc33253abeeea8b55336721e3405"
  name = "golang.org/x/text"
  packages = [
    "collate",
    "collate/build",
    "internal/colltab",
    "internal/gen",
    "internal/language",
    "internal/language/compact",
    "internal/tag",
    "internal/triegen",
    "internal/ucd",
    "language",
    "secure/bidirule",
    "transform",
    "unicode/bidi",
    "unicode/cldr",
    "unicode/norm",
    "unicode/rangetable",
  ]
  pruneopts = "UT"
  revision = "342b2e1fbaa52c93f31447ad2c6abc048c63e475"
  version = "v0.3.2"

[[projects]]
  digest = "1:4d2e5a73dc1500038e504a8d78b986630e3626dc027bc030ba5c75da257cdb96"
  name = "gopkg.in/yaml.v2"
  packages = ["."]
  pruneopts = "UT"
  revision = "51d6538a90f86fe93ac480b35f37b2be17fef232"
  version = "v2.2.2"

[solve-meta]
  analyzer-name = "dep"
  analyzer-version = 1
  input-imports = [
    "github.com/GeertJohan/go.rice",
    "github.com/bmatcuk/doublestar",
    "github.com/etcd-io/bbolt",
    "github.com/go-cmd/cmd",
    "github.com/gofrs/uuid",
    "github.com/gorilla/websocket",
    "github.com/julienschmidt/httprouter",
    "github.com/robfig/cron",
    "golang.org/x/crypto/acme/autocert",
    "golang.org/x/crypto/bcrypt",
    "gopkg.in/yaml.v2",
  ]
  solver-name = "gps-cdcl"
  solver-version = 1
